
Microsoft Visual Studio Solution File, Format Version 12.00
# Visual Studio 15
VisualStudioVersion = 15.0.28010.2026
MinimumVisualStudioVersion = 10.0.40219.1
Project("{8BC9CEB8-8B4A-11D0-8D11-00A0C91BC942}") = "root_utils", "root_utils.vcxproj", "{1B668D21-A5B8-4194-8C43-6352B1B77AF4}"
EndProject
Global
	GlobalSection(SolutionConfigurationPlatforms) = preSolution
		Debug|ARM = Debug|ARM
		Debug|x64 = Debug|x64
		Debug|x86 = Debug|x86
		Release|ARM = Release|ARM
		Release|x64 = Release|x64
		Release|x86 = Release|x86
	EndGlobalSection
	GlobalSection(ProjectConfigurationPlatforms) = postSolution
		{1B668D21-A5B8-4194-8C43-6352B1B77AF4}.Debug|ARM.ActiveCfg = Debug|ARM
		{1B668D21-A5B8-4194-8C43-6352B1B77AF4}.Debug|ARM.Build.0 = Debug|ARM
		{1B668D21-A5B8-4194-8C43-6352B1B77AF4}.Debug|x64.ActiveCfg = Debug|x64
		{1B668D21-A5B8-4194-8C43-6352B1B77AF4}.Debug|x64.Build.0 = Debug|x64
		{1B668D21-A5B8-4194-8C43-6352B1B77AF4}.Debug|x86.ActiveCfg = Debug|Win32
		{1B668D21-A5B8-4194-8C43-6352B1B77AF4}.Debug|x86.Build.0 = Debug|Win32
		{1B668D21-A5B8-4194-8C43-6352B1B77AF4}.Release|ARM.ActiveCfg = Release|ARM
		{1B668D21-A5B8-4194-8C43-6352B1B77AF4}.Release|ARM.Build.0 = Release|ARM
		{1B668D21-A5B8-4194-8C43-6352B1B77AF4}.Release|x64.ActiveCfg = Release|x64
		{1B668D21-A5B8-4194-8C43-6352B1B77AF4}.Release|x64.Build.0 = Release|x64
		{1B668D21-A5B8-4194-8C43-6352B1B77AF4}.Release|x86.ActiveCfg = Release|Win32
		{1B668D21-A5B8-4194-8C43-6352B1B77AF4}.Release|x86.Build.0 = Release|Win32
	EndGlobalSection
	GlobalSection(SolutionProperties) = preSolution
		HideSolutionNode = FALSE
	EndGlobalSection
	GlobalSection(ExtensibilityGlobals) = postSolution
		SolutionGuid = {FA233EBB-BFD1-4C40-A1AF-4956AD3D8039}
	EndGlobalSection
EndGlobal
